
Microsoft Visual Studio Solution File, Format Version 12.00
# Visual Studio Version 16
VisualStudioVersion = 16.0.810.21
MinimumVisualStudioVersion = 10.0.40219.1
Project("{FAE04EC0-301F-11D3-BF4B-00C04F79EFBC}") = "customer-order-ilia.Api", "customer-order-ilia.Api\customer-order-ilia.Api.csproj", "{CCAD4AAD-9AED-455D-9805-2009C0A36245}"
EndProject
Project("{FAE04EC0-301F-11D3-BF4B-00C04F79EFBC}") = "customer-order-ilia.Tests", "customer-order-ilia.Tests\customer-order-ilia.Tests.csproj", "{3D405B4D-B49C-4142-A7C1-B2F0534B6C94}"
EndProject
Project("{FAE04EC0-301F-11D3-BF4B-00C04F79EFBC}") = "customer-order-ilia.Domain", "customer-order-ilia.Domain\customer-order-ilia.Domain.csproj", "{42EAF976-5D4F-45F3-9001-45F16B522330}"
EndProject
Project("{FAE04EC0-301F-11D3-BF4B-00C04F79EFBC}") = "customer-order-ilia.Application", "customer-order-ilia.Application\customer-order-ilia.Application.csproj", "{8E46A374-F263-47E5-AEF8-0C4C12B8F02F}"
EndProject
Project("{FAE04EC0-301F-11D3-BF4B-00C04F79EFBC}") = "customer-order-ilia.Infrastructure", "customer-order-ilia.Infrastructure\customer-order-ilia.Infrastructure.csproj", "{A9897576-0DC8-46ED-BB14-CF3324216B84}"
EndProject
Project("{FAE04EC0-301F-11D3-BF4B-00C04F79EFBC}") = "customer-order-ilia.CrossCutting", "customer-order-ilia.CrossCutting\customer-order-ilia.CrossCutting.csproj", "{F85D83D9-52BB-4CCC-881A-734EF5F9E5B6}"
EndProject
Global
	GlobalSection(SolutionConfigurationPlatforms) = preSolution
		Debug|Any CPU = Debug|Any CPU
		Release|Any CPU = Release|Any CPU
	EndGlobalSection
	GlobalSection(ProjectConfigurationPlatforms) = postSolution
		{CCAD4AAD-9AED-455D-9805-2009C0A36245}.Debug|Any CPU.ActiveCfg = Debug|Any CPU
		{CCAD4AAD-9AED-455D-9805-2009C0A36245}.Debug|Any CPU.Build.0 = Debug|Any CPU
		{CCAD4AAD-9AED-455D-9805-2009C0A36245}.Release|Any CPU.ActiveCfg = Release|Any CPU
		{CCAD4AAD-9AED-455D-9805-2009C0A36245}.Release|Any CPU.Build.0 = Release|Any CPU
		{3D405B4D-B49C-4142-A7C1-B2F0534B6C94}.Debug|Any CPU.ActiveCfg = Debug|Any CPU
		{3D405B4D-B49C-4142-A7C1-B2F0534B6C94}.Debug|Any CPU.Build.0 = Debug|Any CPU
		{3D405B4D-B49C-4142-A7C1-B2F0534B6C94}.Release|Any CPU.ActiveCfg = Release|Any CPU
		{3D405B4D-B49C-4142-A7C1-B2F0534B6C94}.Release|Any CPU.Build.0 = Release|Any CPU
		{42EAF976-5D4F-45F3-9001-45F16B522330}.Debug|Any CPU.ActiveCfg = Debug|Any CPU
		{42EAF976-5D4F-45F3-9001-45F16B522330}.Debug|Any CPU.Build.0 = Debug|Any CPU
		{42EAF976-5D4F-45F3-9001-45F16B522330}.Release|Any CPU.ActiveCfg = Release|Any CPU
		{42EAF976-5D4F-45F3-9001-45F16B522330}.Release|Any CPU.Build.0 = Release|Any CPU
		{8E46A374-F263-47E5-AEF8-0C4C12B8F02F}.Debug|Any CPU.ActiveCfg = Debug|Any CPU
		{8E46A374-F263-47E5-AEF8-0C4C12B8F02F}.Debug|Any CPU.Build.0 = Debug|Any CPU
		{8E46A374-F263-47E5-AEF8-0C4C12B8F02F}.Release|Any CPU.ActiveCfg = Release|Any CPU
		{8E46A374-F263-47E5-AEF8-0C4C12B8F02F}.Release|Any CPU.Build.0 = Release|Any CPU
		{A9897576-0DC8-46ED-BB14-CF3324216B84}.Debug|Any CPU.ActiveCfg = Debug|Any CPU
		{A9897576-0DC8-46ED-BB14-CF3324216B84}.Debug|Any CPU.Build.0 = Debug|Any CPU
		{A9897576-0DC8-46ED-BB14-CF3324216B84}.Release|Any CPU.ActiveCfg = Release|Any CPU
		{A9897576-0DC8-46ED-BB14-CF3324216B84}.Release|Any CPU.Build.0 = Release|Any CPU
		{F85D83D9-52BB-4CCC-881A-734EF5F9E5B6}.Debug|Any CPU.ActiveCfg = Debug|Any CPU
		{F85D83D9-52BB-4CCC-881A-734EF5F9E5B6}.Debug|Any CPU.Build.0 = Debug|Any CPU
		{F85D83D9-52BB-4CCC-881A-734EF5F9E5B6}.Release|Any CPU.ActiveCfg = Release|Any CPU
		{F85D83D9-52BB-4CCC-881A-734EF5F9E5B6}.Release|Any CPU.Build.0 = Release|Any CPU
	EndGlobalSection
	GlobalSection(SolutionProperties) = preSolution
		HideSolutionNode = FALSE
	EndGlobalSection
	GlobalSection(ExtensibilityGlobals) = postSolution
		SolutionGuid = {3B67EC07-B75A-4541-858A-D2D944983A13}
	EndGlobalSection
EndGlobal
